<?xml version="1.0" encoding="utf-8"?>
<Project ToolsVersion="4.0" xmlns="http://schemas.microsoft.com/developer/msbuild/2003">
  <ItemGroup>
    <Filter Include="Resource Files">
      <UniqueIdentifier>{67DA6AB6-F800-4c08-8B7A-83BB121AAD01}</UniqueIdentifier>
      <Extensions>rc;ico;cur;bmp;dlg;rc2;rct;bin;rgs;gif;jpg;jpeg;jpe;resx;tiff;tif;png;wav</Extensions>
    </Filter>
    <Filter Include="Strings">
      <UniqueIdentifier>{2dafcc43-3a9f-4c0e-8d8a-b43c78f07e35}</UniqueIdentifier>
    </Filter>
    <Filter Include="Resources">
      <UniqueIdentifier>{48a0589e-ec5e-4ded-b507-ca72c33429c7}</UniqueIdentifier>
    </Filter>
    <Filter Include="Settings">
      <UniqueIdentifier>{402c170e-bb90-4637-85b7-98857963160f}</UniqueIdentifier>
    </Filter>
    <Filter Include="Lib">
      <UniqueIdentifier>{40e914e4-1c35-4b97-a4f6-15dce5ff5b20}</UniqueIdentifier>
    </Filter>
  </ItemGroup>
  <ItemGroup>
    <Image Include="..\Setup\OpenShell.ico">
      <Filter>Resource Files</Filter>
    </Image>
    <Image Include="flags.bmp">
      <Filter>Resource Files</Filter>
    </Image>
    <Image Include="flags24.bmp">
      <Filter>Resource Files</Filter>
    </Image>
    <Image Include="padlock.ico">
      <Filter>Resource Files</Filter>
    </Image>
    <Image Include="play.ico">
      <Filter>Resource Files</Filter>
    </Image>
    <Image Include="warning.ico">
      <Filter>Resource Files</Filter>
    </Image>
  </ItemGroup>
  <ItemGroup>
    <ResourceCompile Include="Lib.rc">
      <Filter>Resource Files</Filter>
    </ResourceCompile>
  </ItemGroup>
  <ItemGroup>
    <ClInclude Include="resource.h">
      <Filter>Resource Files</Filter>
    </ClInclude>
    <ClInclude Include="Assert.h">
      <Filter>Strings</Filter>
    </ClInclude>
    <ClInclude Include="FNVHash.h">
      <Filter>Strings</Filter>
    </ClInclude>
    <ClInclude Include="StringSet.h">
      <Filter>Strings</Filter>
    </ClInclude>
    <ClInclude Include="StringUtils.h">
      <Filter>Strings</Filter>
    </ClInclude>
    <ClInclude Include="ComHelper.h">
      <Filter>Resources</Filter>
    </ClInclude>
    <ClInclude Include="FileHelper.h">
      <Filter>Resources</Filter>
    </ClInclude>
    <ClInclude Include="IatHookHelper.h">
      <Filter>Resources</Filter>
    </ClInclude>
    <ClInclude Include="ResourceHelper.h">
      <Filter>Resources</Filter>
    </ClInclude>
    <ClInclude Include="TrackResources.h">
      <Filter>Resources</Filter>
    </ClInclude>
    <ClInclude Include="DownloadHelper.h">
      <Filter>Settings</Filter>
    </ClInclude>
    <ClInclude Include="LanguageSettingsHelper.h">
      <Filter>Settings</Filter>
    </ClInclude>
    <ClInclude Include="Settings.h">
      <Filter>Settings</Filter>
    </ClInclude>
    <ClInclude Include="SettingsParser.h">
      <Filter>Settings</Filter>
    </ClInclude>
    <ClInclude Include="SettingsUIHelper.h">
      <Filter>Settings</Filter>
    </ClInclude>
    <ClInclude Include="Translations.h">
      <Filter>Settings</Filter>
    </ClInclude>
    <ClInclude Include="stdafx.h">
      <Filter>Lib</Filter>
    </ClInclude>
    <ClInclude Include="targetver.h">
      <Filter>Lib</Filter>
    </ClInclude>
  </ItemGroup>
  <ItemGroup>
    <ClCompile Include="Assert.cpp">
      <Filter>Strings</Filter>
    </ClCompile>
    <ClCompile Include="FNVHash.cpp">
      <Filter>Strings</Filter>
    </ClCompile>
    <ClCompile Include="StringSet.cpp">
      <Filter>Strings</Filter>
    </ClCompile>
    <ClCompile Include="StringUtils.cpp">
      <Filter>Strings</Filter>
    </ClCompile>
    <ClCompile Include="FileHelper.cpp">
      <Filter>Resources</Filter>
    </ClCompile>
    <ClCompile Include="IatHookHelper.cpp">
      <Filter>Resources</Filter>
    </ClCompile>
    <ClCompile Include="Instance.cpp">
      <Filter>Resources</Filter>
    </ClCompile>
    <ClCompile Include="ResourceHelper.cpp">
      <Filter>Resources</Filter>
    </ClCompile>
    <ClCompile Include="TrackResources.cpp">
      <Filter>Resources</Filter>
    </ClCompile>
    <ClCompile Include="DownloadHelper.cpp">
      <Filter>Settings</Filter>
    </ClCompile>
    <ClCompile Include="LanguageSettingsHelper.cpp">
      <Filter>Settings</Filter>
    </ClCompile>
    <ClCompile Include="Settings.cpp">
      <Filter>Settings</Filter>
    </ClCompile>
    <ClCompile Include="SettingsParser.cpp">
      <Filter>Settings</Filter>
    </ClCompile>
    <ClCompile Include="SettingsUIHelper.cpp">
      <Filter>Settings</Filter>
    </ClCompile>
    <ClCompile Include="Translations.cpp">
      <Filter>Settings</Filter>
    </ClCompile>
    <ClCompile Include="stdafx.cpp">
      <Filter>Lib</Filter>
    </ClCompile>
  </ItemGroup>
  <ItemGroup>
    <None Include="packages.config" />
  </ItemGroup>
</Project>