<?xml version="1.0" encoding="utf-8"?>
<Project ToolsVersion="4.0" xmlns="http://schemas.microsoft.com/developer/msbuild/2003">
  <ItemGroup>
    <Filter Include="Source Files">
      <UniqueIdentifier>{4FC737F1-C7A5-4376-A066-2A32D752A2FF}</UniqueIdentifier>
      <Extensions>cpp;c;cc;cxx;def;odl;idl;hpj;bat;asm;asmx</Extensions>
    </Filter>
    <Filter Include="Header Files">
      <UniqueIdentifier>{93995380-89BD-4b04-88EB-625FBE52EBFB}</UniqueIdentifier>
      <Extensions>h;hpp;hxx;hm;inl;inc;xsd</Extensions>
    </Filter>
    <Filter Include="Generated Files">
      <UniqueIdentifier>{49e172a6-5240-42a4-8d6b-f1654677b1b4}</UniqueIdentifier>
      <SourceControlFiles>False</SourceControlFiles>
    </Filter>
    <Filter Include="Resource Files">
      <UniqueIdentifier>{67DA6AB6-F800-4c08-8B7A-83BB121AAD01}</UniqueIdentifier>
      <Extensions>rc;ico;cur;bmp;dlg;rc2;rct;bin;rgs;gif;jpg;jpeg;jpe;resx;tiff;tif;png;wav</Extensions>
    </Filter>
  </ItemGroup>
  <ItemGroup>
    <ClCompile Include="dllmain.cpp">
      <Filter>Source Files</Filter>
    </ClCompile>
    <ClCompile Include="StartMenuExt.cpp">
      <Filter>Source Files</Filter>
    </ClCompile>
    <ClCompile Include="StartMenuHelper.cpp">
      <Filter>Source Files</Filter>
    </ClCompile>
    <ClCompile Include="stdafx.cpp">
      <Filter>Source Files</Filter>
    </ClCompile>
    <ClCompile Include="StartMenuHelper_i.c">
      <Filter>Generated Files</Filter>
    </ClCompile>
    <ClCompile Include="ModernSettingsShellFolder.cpp">
      <Filter>Source Files</Filter>
    </ClCompile>
    <ClCompile Include="ModernSettings.cpp">
      <Filter>Source Files</Filter>
    </ClCompile>
    <ClCompile Include="ModernSettingsContextMenu.cpp">
      <Filter>Source Files</Filter>
    </ClCompile>
  </ItemGroup>
  <ItemGroup>
    <Midl Include="StartMenuHelper.idl">
      <Filter>Source Files</Filter>
    </Midl>
  </ItemGroup>
  <ItemGroup>
    <None Include="StartMenuHelper32.def">
      <Filter>Source Files</Filter>
    </None>
    <None Include="StartMenuHelper64.def">
      <Filter>Source Files</Filter>
    </None>
    <None Include="StartMenuExt.rgs">
      <Filter>Resource Files</Filter>
    </None>
    <None Include="StartMenuHelper.rgs">
      <Filter>Resource Files</Filter>
    </None>
    <None Include="StartMenuHelperL10N.ini">
      <Filter>Resource Files</Filter>
    </None>
    <None Include="ModernSettingsShellFolder.rgs">
      <Filter>Resource Files</Filter>
    </None>
    <None Include="ModernSettingsContextMenu.rgs">
      <Filter>Resource Files</Filter>
    </None>
  </ItemGroup>
  <ItemGroup>
    <ClInclude Include="dllmain.h">
      <Filter>Header Files</Filter>
    </ClInclude>
    <ClInclude Include="Resource.h">
      <Filter>Header Files</Filter>
    </ClInclude>
    <ClInclude Include="StartMenuExt.h">
      <Filter>Header Files</Filter>
    </ClInclude>
    <ClInclude Include="stdafx.h">
      <Filter>Header Files</Filter>
    </ClInclude>
    <ClInclude Include="targetver.h">
      <Filter>Header Files</Filter>
    </ClInclude>
    <ClInclude Include="StartMenuHelper_h.h">
      <Filter>Generated Files</Filter>
    </ClInclude>
    <ClInclude Include="ModernSettingsShellFolder.h">
      <Filter>Header Files</Filter>
    </ClInclude>
    <ClInclude Include="ModernSettings.h">
      <Filter>Header Files</Filter>
    </ClInclude>
    <ClInclude Include="ModernSettingsContextMenu.h">
      <Filter>Header Files</Filter>
    </ClInclude>
  </ItemGroup>
  <ItemGroup>
    <ResourceCompile Include="StartMenuHelper.rc">
      <Filter>Resource Files</Filter>
    </ResourceCompile>
  </ItemGroup>
</Project>