<?xml version="1.0" encoding="utf-8"?>
<Project ToolsVersion="4.0" xmlns="http://schemas.microsoft.com/developer/msbuild/2003">
  <ItemGroup>
    <Filter Include="Bootstrapper">
      <UniqueIdentifier>{554caf03-9189-4f7c-955b-7407887d81f2}</UniqueIdentifier>
    </Filter>
    <Filter Include="Setup Files">
      <UniqueIdentifier>{dfc73fe3-75a1-4823-b7c6-090157a15da7}</UniqueIdentifier>
    </Filter>
  </ItemGroup>
  <ItemGroup>
    <Image Include="OpenShell.ico">
      <Filter>Bootstrapper</Filter>
    </Image>
    <Image Include="banner.jpg">
      <Filter>Setup Files</Filter>
    </Image>
    <Image Include="dialog.jpg">
      <Filter>Setup Files</Filter>
    </Image>
  </ItemGroup>
  <ItemGroup>
    <ClCompile Include="Setup.cpp">
      <Filter>Bootstrapper</Filter>
    </ClCompile>
  </ItemGroup>
  <ItemGroup>
    <Manifest Include="Setup.manifest">
      <Filter>Bootstrapper</Filter>
    </Manifest>
  </ItemGroup>
  <ItemGroup>
    <ResourceCompile Include="Setup.rc">
      <Filter>Bootstrapper</Filter>
    </ResourceCompile>
  </ItemGroup>
  <ItemGroup>
    <ClInclude Include="resource.h">
      <Filter>Bootstrapper</Filter>
    </ClInclude>
  </ItemGroup>
  <ItemGroup>
    <None Include="__MakeFinal.bat">
      <Filter>Setup Files</Filter>
    </None>
    <None Include="BuildArchives.bat">
      <Filter>Setup Files</Filter>
    </None>
    <None Include="BuildBinaries.bat">
      <Filter>Setup Files</Filter>
    </None>
    <None Include="BuildInstaller.bat">
      <Filter>Setup Files</Filter>
    </None>
    <None Include="Setup.wxs">
      <Filter>Setup Files</Filter>
    </None>
    <None Include="..\Localization\English\OpenShellText-en-US.wxl">
      <Filter>Setup Files</Filter>
    </None>
    <None Include="Temp\Setup32.msi_" />
    <None Include="Temp\Setup64.msi_" />
    <None Include="msichecksum.bin" />
  </ItemGroup>
</Project>