<?xml version="1.0" encoding="utf-8"?>
<Project ToolsVersion="4.0" xmlns="http://schemas.microsoft.com/developer/msbuild/2003">
  <ItemGroup>
    <Filter Include="Source Files">
      <UniqueIdentifier>{4FC737F1-C7A5-4376-A066-2A32D752A2FF}</UniqueIdentifier>
      <Extensions>cpp;c;cc;cxx;def;odl;idl;hpj;bat;asm;asmx</Extensions>
    </Filter>
    <Filter Include="Header Files">
      <UniqueIdentifier>{93995380-89BD-4b04-88EB-625FBE52EBFB}</UniqueIdentifier>
      <Extensions>h;hpp;hxx;hm;inl;inc;xsd</Extensions>
    </Filter>
    <Filter Include="Resource Files">
      <UniqueIdentifier>{67DA6AB6-F800-4c08-8B7A-83BB121AAD01}</UniqueIdentifier>
      <Extensions>rc;ico;cur;bmp;dlg;rc2;rct;bin;rgs;gif;jpg;jpeg;jpe;resx;tiff;tif;png;wav</Extensions>
    </Filter>
    <Filter Include="Generated Files">
      <UniqueIdentifier>{5fffcfa3-305b-4c53-b51b-b387b5702497}</UniqueIdentifier>
      <SourceControlFiles>False</SourceControlFiles>
    </Filter>
  </ItemGroup>
  <ItemGroup>
    <ClCompile Include="ClassicCopy.cpp">
      <Filter>Source Files</Filter>
    </ClCompile>
    <ClCompile Include="ClassicCopyExt.cpp">
      <Filter>Source Files</Filter>
    </ClCompile>
    <ClCompile Include="ClassicExplorer.cpp">
      <Filter>Source Files</Filter>
    </ClCompile>
    <ClCompile Include="dllmain.cpp">
      <Filter>Source Files</Filter>
    </ClCompile>
    <ClCompile Include="ExplorerBand.cpp">
      <Filter>Source Files</Filter>
    </ClCompile>
    <ClCompile Include="ExplorerBHO.cpp">
      <Filter>Source Files</Filter>
    </ClCompile>
    <ClCompile Include="SettingsUI.cpp">
      <Filter>Source Files</Filter>
    </ClCompile>
    <ClCompile Include="ShareOverlay.cpp">
      <Filter>Source Files</Filter>
    </ClCompile>
    <ClCompile Include="stdafx.cpp">
      <Filter>Source Files</Filter>
    </ClCompile>
    <ClCompile Include="ClassicExplorer_i.c">
      <Filter>Generated Files</Filter>
    </ClCompile>
  </ItemGroup>
  <ItemGroup>
    <Midl Include="ClassicExplorer.idl">
      <Filter>Source Files</Filter>
    </Midl>
  </ItemGroup>
  <ItemGroup>
    <None Include="ClassicExplorer32.def">
      <Filter>Source Files</Filter>
    </None>
    <None Include="ClassicExplorer64.def">
      <Filter>Source Files</Filter>
    </None>
    <None Include="ClassicCopyExt.rgs">
      <Filter>Resource Files</Filter>
    </None>
    <None Include="ClassicExplorer.rgs">
      <Filter>Resource Files</Filter>
    </None>
    <None Include="ExplorerBand.rgs">
      <Filter>Resource Files</Filter>
    </None>
    <None Include="ExplorerBHO.rgs">
      <Filter>Resource Files</Filter>
    </None>
    <None Include="ExplorerL10N.ini">
      <Filter>Resource Files</Filter>
    </None>
    <None Include="ShareOverlay.rgs">
      <Filter>Resource Files</Filter>
    </None>
  </ItemGroup>
  <ItemGroup>
    <Text Include="..\Localization\English\ClassicExplorerADMX.txt">
      <Filter>Source Files</Filter>
    </Text>
  </ItemGroup>
  <ItemGroup>
    <ClInclude Include="ClassicCopyExt.h">
      <Filter>Header Files</Filter>
    </ClInclude>
    <ClInclude Include="dllmain.h">
      <Filter>Header Files</Filter>
    </ClInclude>
    <ClInclude Include="ExplorerBand.h">
      <Filter>Header Files</Filter>
    </ClInclude>
    <ClInclude Include="ExplorerBHO.h">
      <Filter>Header Files</Filter>
    </ClInclude>
    <ClInclude Include="SettingsUI.h">
      <Filter>Header Files</Filter>
    </ClInclude>
    <ClInclude Include="ShareOverlay.h">
      <Filter>Header Files</Filter>
    </ClInclude>
    <ClInclude Include="stdafx.h">
      <Filter>Header Files</Filter>
    </ClInclude>
    <ClInclude Include="targetver.h">
      <Filter>Header Files</Filter>
    </ClInclude>
    <ClInclude Include="Resource.h">
      <Filter>Resource Files</Filter>
    </ClInclude>
    <ClInclude Include="ClassicExplorer_h.h">
      <Filter>Generated Files</Filter>
    </ClInclude>
  </ItemGroup>
  <ItemGroup>
    <ResourceCompile Include="ClassicExplorer.rc">
      <Filter>Resource Files</Filter>
    </ResourceCompile>
  </ItemGroup>
  <ItemGroup>
    <Image Include="..\Setup\OpenShell.ico">
      <Filter>Resource Files</Filter>
    </Image>
    <Image Include="up.ico">
      <Filter>Resource Files</Filter>
    </Image>
    <Image Include="up2Disabled.ico">
      <Filter>Resource Files</Filter>
    </Image>
    <Image Include="up2Hot.ico">
      <Filter>Resource Files</Filter>
    </Image>
    <Image Include="up2Normal.ico">
      <Filter>Resource Files</Filter>
    </Image>
    <Image Include="up2Pressed.ico">
      <Filter>Resource Files</Filter>
    </Image>
    <Image Include="upDisabled.ico">
      <Filter>Resource Files</Filter>
    </Image>
  </ItemGroup>
</Project>
