
Microsoft Visual Studio Solution File, Format Version 12.00
# Visual Studio Version 17
VisualStudioVersion = 17.4.33205.214
MinimumVisualStudioVersion = 10.0.40219.1
Project("{2150E333-8FDC-42A3-9474-1A3956D46DE8}") = "Skins", "Skins", "{409484D8-C0DB-4991-AF03-124128EDEF98}"
EndProject
Project("{2150E333-8FDC-42A3-9474-1A3956D46DE8}") = "Setup", "Setup", "{B695E1F6-785D-45CB-BCE0-0E9635DFC1DE}"
EndProject
Project("{8BC9CEB8-8B4A-11D0-8D11-00A0C91BC942}") = "StartMenu", "StartMenu\StartMenu.vcxproj", "{87D5FE20-AF86-458A-9AA3-3131EB06179B}"
EndProject
Project("{8BC9CEB8-8B4A-11D0-8D11-00A0C91BC942}") = "StartMenuDLL", "StartMenu\StartMenuDLL\StartMenuDLL.vcxproj", "{85DEECBB-1F9B-4983-9D54-3BF42182B7E7}"
EndProject
Project("{8BC9CEB8-8B4A-11D0-8D11-00A0C91BC942}") = "ClassicExplorer", "ClassicExplorer\ClassicExplorer.vcxproj", "{9AF324B7-F786-4D85-B2E1-6E51720F874E}"
EndProject
Project("{8BC9CEB8-8B4A-11D0-8D11-00A0C91BC942}") = "Setup", "Setup\Setup.vcxproj", "{A4A4D3B1-24E7-401E-A37C-72141D7603DC}"
EndProject
Project("{8BC9CEB8-8B4A-11D0-8D11-00A0C91BC942}") = "Win7Aero", "Skins\Win7Aero\Win7Aero.vcxproj", "{EA65FDDD-CB77-417F-8BB4-2F3ECB5B3E75}"
EndProject
Project("{8BC9CEB8-8B4A-11D0-8D11-00A0C91BC942}") = "Win7Basic", "Skins\Win7Basic\Win7Basic.vcxproj", "{404821C5-4EE4-4908-A759-5EF6DAC14AB6}"
EndProject
Project("{8BC9CEB8-8B4A-11D0-8D11-00A0C91BC942}") = "ClassicSkin", "Skins\ClassicSkin\ClassicSkin.vcxproj", "{9EC23CA9-384A-4EEB-979E-69879DC1A78C}"
EndProject
Project("{8BC9CEB8-8B4A-11D0-8D11-00A0C91BC942}") = "FullGlass", "Skins\FullGlass\FullGlass.vcxproj", "{066C9721-26D5-4C4D-868E-50C2BA0A8196}"
EndProject
Project("{8BC9CEB8-8B4A-11D0-8D11-00A0C91BC942}") = "SmokedGlass", "Skins\SmokedGlass\SmokedGlass.vcxproj", "{66D1EAA4-65D1-45CC-9989-E616FC0575EB}"
EndProject
Project("{8BC9CEB8-8B4A-11D0-8D11-00A0C91BC942}") = "WinXP", "Skins\WinXP\WinXP.vcxproj", "{81EB6336-366C-47DD-82CF-FF6C36CCD2B5}"
EndProject
Project("{8BC9CEB8-8B4A-11D0-8D11-00A0C91BC942}") = "SetupHelper", "Setup\SetupHelper\SetupHelper.vcxproj", "{E1017135-9916-4B11-9AC5-1EC0BD8F8CD6}"
EndProject
Project("{8BC9CEB8-8B4A-11D0-8D11-00A0C91BC942}") = "ClassicExplorerSettings", "ClassicExplorer\ClassicExplorerSettings\ClassicExplorerSettings.vcxproj", "{E93271C8-0252-4A08-8227-1978C64C2D34}"
EndProject
Project("{8BC9CEB8-8B4A-11D0-8D11-00A0C91BC942}") = "en-US", "Setup\en-US\en-US.vcxproj", "{0A60FD06-3A81-4651-A869-9850DBC115EA}"
EndProject
Project("{8BC9CEB8-8B4A-11D0-8D11-00A0C91BC942}") = "Lib", "Lib\Lib.vcxproj", "{D42FE717-485B-492D-884A-1999F6D51154}"
EndProject
Project("{8BC9CEB8-8B4A-11D0-8D11-00A0C91BC942}") = "ClassicIE", "ClassicIE\ClassicIE.vcxproj", "{65D5C193-E807-4094-AE19-19E6A310A312}"
EndProject
Project("{8BC9CEB8-8B4A-11D0-8D11-00A0C91BC942}") = "ClassicIEDLL", "ClassicIE\ClassicIEDLL\ClassicIEDLL.vcxproj", "{BC0E6E7C-08C1-4F12-A754-4608E5A22FA8}"
EndProject
Project("{8BC9CEB8-8B4A-11D0-8D11-00A0C91BC942}") = "Update", "Update\Update.vcxproj", "{171B46B0-6083-4D9E-BD33-946EA3BD76FA}"
	ProjectSection(ProjectDependencies) = postProject
		{D94BD2A6-1872-4F01-B911-F406603AA2E1} = {D94BD2A6-1872-4F01-B911-F406603AA2E1}
	EndProjectSection
EndProject
Project("{8BC9CEB8-8B4A-11D0-8D11-00A0C91BC942}") = "Win7Aero7", "Skins\Win7Aero7\Win7Aero7.vcxproj", "{A2CCDE9F-17CE-461E-8BD9-00261B8855A6}"
EndProject
Project("{8BC9CEB8-8B4A-11D0-8D11-00A0C91BC942}") = "ClassicSkin7", "Skins\ClassicSkin7\ClassicSkin7.vcxproj", "{31C016FB-9EA1-4AF5-987A-37210C04DA06}"
EndProject
Project("{8BC9CEB8-8B4A-11D0-8D11-00A0C91BC942}") = "Win87", "Skins\Win87\Win87.vcxproj", "{5C875214-0E3A-4CF0-BC0C-BFF6FAA4C089}"
EndProject
Project("{8BC9CEB8-8B4A-11D0-8D11-00A0C91BC942}") = "Win8", "Skins\Win8\Win8.vcxproj", "{ED74EBA9-1BCB-4B8F-9AE1-DC63B3C24A94}"
EndProject
Project("{8BC9CEB8-8B4A-11D0-8D11-00A0C91BC942}") = "StartMenuHelper", "StartMenu\StartMenuHelper\StartMenuHelper.vcxproj", "{A42C6159-ACA8-46D1-A0FB-19C398B137D5}"
EndProject
Project("{8BC9CEB8-8B4A-11D0-8D11-00A0C91BC942}") = "Utility", "Setup\Utility\Utility.vcxproj", "{DAE66C9B-05DC-4ACE-97DA-2547B490BBFF}"
EndProject
Project("{8BC9CEB8-8B4A-11D0-8D11-00A0C91BC942}") = "Midnight7", "Skins\Midnight7\Midnight7.vcxproj", "{7BD26CB3-5280-48FD-9A86-C13E321018D5}"
EndProject
Project("{8BC9CEB8-8B4A-11D0-8D11-00A0C91BC942}") = "Metro7", "Skins\Metro7\Metro7.vcxproj", "{598AB4AC-008E-4501-90B3-C5213834C1DA}"
EndProject
Project("{8BC9CEB8-8B4A-11D0-8D11-00A0C91BC942}") = "Metro", "Skins\Metro\Metro.vcxproj", "{63BAF573-170B-4FA0-AEE3-16E04F3E9DF5}"
EndProject
Project("{8BC9CEB8-8B4A-11D0-8D11-00A0C91BC942}") = "Metallic7", "Skins\Metallic7\Metallic7.vcxproj", "{CA5BFC96-428D-42F5-9F7D-CDDE048A357C}"
EndProject
Project("{8BC9CEB8-8B4A-11D0-8D11-00A0C91BC942}") = "DesktopToasts", "Update\DesktopToasts\DesktopToasts.vcxproj", "{D94BD2A6-1872-4F01-B911-F406603AA2E1}"
EndProject
Project("{8BC9CEB8-8B4A-11D0-8D11-00A0C91BC942}") = "Immersive", "Skins\Immersive\Immersive.vcxproj", "{BD28B058-230E-42DF-9FB1-FFBB0153F498}"
EndProject
Project("{8BC9CEB8-8B4A-11D0-8D11-00A0C91BC942}") = "Immersive7", "Skins\Immersive7\Immersive7.vcxproj", "{75809D15-8403-420A-BBE6-05F478D88D8E}"
EndProject
Global
	GlobalSection(SolutionConfigurationPlatforms) = preSolution
		Debug|Win32 = Debug|Win32
		Debug|x64 = Debug|x64
		Release|Win32 = Release|Win32
		Release|x64 = Release|x64
		Setup|Win32 = Setup|Win32
		Setup|x64 = Setup|x64
	EndGlobalSection
	GlobalSection(ProjectConfigurationPlatforms) = postSolution
		{87D5FE20-AF86-458A-9AA3-3131EB06179B}.Debug|Win32.ActiveCfg = Debug|Win32
		{87D5FE20-AF86-458A-9AA3-3131EB06179B}.Debug|Win32.Build.0 = Debug|Win32
		{87D5FE20-AF86-458A-9AA3-3131EB06179B}.Debug|x64.ActiveCfg = Debug|x64
		{87D5FE20-AF86-458A-9AA3-3131EB06179B}.Debug|x64.Build.0 = Debug|x64
		{87D5FE20-AF86-458A-9AA3-3131EB06179B}.Release|Win32.ActiveCfg = Release|Win32
		{87D5FE20-AF86-458A-9AA3-3131EB06179B}.Release|Win32.Build.0 = Release|Win32
		{87D5FE20-AF86-458A-9AA3-3131EB06179B}.Release|x64.ActiveCfg = Release|x64
		{87D5FE20-AF86-458A-9AA3-3131EB06179B}.Release|x64.Build.0 = Release|x64
		{87D5FE20-AF86-458A-9AA3-3131EB06179B}.Setup|Win32.ActiveCfg = Setup|Win32
		{87D5FE20-AF86-458A-9AA3-3131EB06179B}.Setup|Win32.Build.0 = Setup|Win32
		{87D5FE20-AF86-458A-9AA3-3131EB06179B}.Setup|x64.ActiveCfg = Setup|x64
		{87D5FE20-AF86-458A-9AA3-3131EB06179B}.Setup|x64.Build.0 = Setup|x64
		{85DEECBB-1F9B-4983-9D54-3BF42182B7E7}.Debug|Win32.ActiveCfg = Debug|Win32
		{85DEECBB-1F9B-4983-9D54-3BF42182B7E7}.Debug|Win32.Build.0 = Debug|Win32
		{85DEECBB-1F9B-4983-9D54-3BF42182B7E7}.Debug|x64.ActiveCfg = Debug|x64
		{85DEECBB-1F9B-4983-9D54-3BF42182B7E7}.Debug|x64.Build.0 = Debug|x64
		{85DEECBB-1F9B-4983-9D54-3BF42182B7E7}.Release|Win32.ActiveCfg = Release|Win32
		{85DEECBB-1F9B-4983-9D54-3BF42182B7E7}.Release|Win32.Build.0 = Release|Win32
		{85DEECBB-1F9B-4983-9D54-3BF42182B7E7}.Release|x64.ActiveCfg = Release|x64
		{85DEECBB-1F9B-4983-9D54-3BF42182B7E7}.Release|x64.Build.0 = Release|x64
		{85DEECBB-1F9B-4983-9D54-3BF42182B7E7}.Setup|Win32.ActiveCfg = Setup|Win32
		{85DEECBB-1F9B-4983-9D54-3BF42182B7E7}.Setup|Win32.Build.0 = Setup|Win32
		{85DEECBB-1F9B-4983-9D54-3BF42182B7E7}.Setup|x64.ActiveCfg = Setup|x64
		{85DEECBB-1F9B-4983-9D54-3BF42182B7E7}.Setup|x64.Build.0 = Setup|x64
		{9AF324B7-F786-4D85-B2E1-6E51720F874E}.Debug|Win32.ActiveCfg = Debug|Win32
		{9AF324B7-F786-4D85-B2E1-6E51720F874E}.Debug|Win32.Build.0 = Debug|Win32
		{9AF324B7-F786-4D85-B2E1-6E51720F874E}.Debug|x64.ActiveCfg = Debug|x64
		{9AF324B7-F786-4D85-B2E1-6E51720F874E}.Debug|x64.Build.0 = Debug|x64
		{9AF324B7-F786-4D85-B2E1-6E51720F874E}.Release|Win32.ActiveCfg = Release|Win32
		{9AF324B7-F786-4D85-B2E1-6E51720F874E}.Release|Win32.Build.0 = Release|Win32
		{9AF324B7-F786-4D85-B2E1-6E51720F874E}.Release|x64.ActiveCfg = Release|x64
		{9AF324B7-F786-4D85-B2E1-6E51720F874E}.Release|x64.Build.0 = Release|x64
		{9AF324B7-F786-4D85-B2E1-6E51720F874E}.Setup|Win32.ActiveCfg = Setup|Win32
		{9AF324B7-F786-4D85-B2E1-6E51720F874E}.Setup|Win32.Build.0 = Setup|Win32
		{9AF324B7-F786-4D85-B2E1-6E51720F874E}.Setup|x64.ActiveCfg = Setup|x64
		{9AF324B7-F786-4D85-B2E1-6E51720F874E}.Setup|x64.Build.0 = Setup|x64
		{A4A4D3B1-24E7-401E-A37C-72141D7603DC}.Debug|Win32.ActiveCfg = Debug|Win32
		{A4A4D3B1-24E7-401E-A37C-72141D7603DC}.Debug|Win32.Build.0 = Debug|Win32
		{A4A4D3B1-24E7-401E-A37C-72141D7603DC}.Debug|x64.ActiveCfg = Debug|Win32
		{A4A4D3B1-24E7-401E-A37C-72141D7603DC}.Release|Win32.ActiveCfg = Release|Win32
		{A4A4D3B1-24E7-401E-A37C-72141D7603DC}.Release|Win32.Build.0 = Release|Win32
		{A4A4D3B1-24E7-401E-A37C-72141D7603DC}.Release|x64.ActiveCfg = Release|Win32
		{A4A4D3B1-24E7-401E-A37C-72141D7603DC}.Setup|Win32.ActiveCfg = Release|Win32
		{A4A4D3B1-24E7-401E-A37C-72141D7603DC}.Setup|x64.ActiveCfg = Release|Win32
		{EA65FDDD-CB77-417F-8BB4-2F3ECB5B3E75}.Debug|Win32.ActiveCfg = Resource|Win32
		{EA65FDDD-CB77-417F-8BB4-2F3ECB5B3E75}.Debug|Win32.Build.0 = Resource|Win32
		{EA65FDDD-CB77-417F-8BB4-2F3ECB5B3E75}.Debug|x64.ActiveCfg = Resource|Win32
		{EA65FDDD-CB77-417F-8BB4-2F3ECB5B3E75}.Debug|x64.Build.0 = Resource|Win32
		{EA65FDDD-CB77-417F-8BB4-2F3ECB5B3E75}.Release|Win32.ActiveCfg = Resource|Win32
		{EA65FDDD-CB77-417F-8BB4-2F3ECB5B3E75}.Release|Win32.Build.0 = Resource|Win32
		{EA65FDDD-CB77-417F-8BB4-2F3ECB5B3E75}.Release|x64.ActiveCfg = Resource|Win32
		{EA65FDDD-CB77-417F-8BB4-2F3ECB5B3E75}.Release|x64.Build.0 = Resource|Win32
		{EA65FDDD-CB77-417F-8BB4-2F3ECB5B3E75}.Setup|Win32.ActiveCfg = Resource|Win32
		{EA65FDDD-CB77-417F-8BB4-2F3ECB5B3E75}.Setup|Win32.Build.0 = Resource|Win32
		{EA65FDDD-CB77-417F-8BB4-2F3ECB5B3E75}.Setup|x64.ActiveCfg = Resource|Win32
		{404821C5-4EE4-4908-A759-5EF6DAC14AB6}.Debug|Win32.ActiveCfg = Resource|Win32
		{404821C5-4EE4-4908-A759-5EF6DAC14AB6}.Debug|Win32.Build.0 = Resource|Win32
		{404821C5-4EE4-4908-A759-5EF6DAC14AB6}.Debug|x64.ActiveCfg = Resource|Win32
		{404821C5-4EE4-4908-A759-5EF6DAC14AB6}.Debug|x64.Build.0 = Resource|Win32
		{404821C5-4EE4-4908-A759-5EF6DAC14AB6}.Release|Win32.ActiveCfg = Resource|Win32
		{404821C5-4EE4-4908-A759-5EF6DAC14AB6}.Release|Win32.Build.0 = Resource|Win32
		{404821C5-4EE4-4908-A759-5EF6DAC14AB6}.Release|x64.ActiveCfg = Resource|Win32
		{404821C5-4EE4-4908-A759-5EF6DAC14AB6}.Release|x64.Build.0 = Resource|Win32
		{404821C5-4EE4-4908-A759-5EF6DAC14AB6}.Setup|Win32.ActiveCfg = Resource|Win32
		{404821C5-4EE4-4908-A759-5EF6DAC14AB6}.Setup|Win32.Build.0 = Resource|Win32
		{404821C5-4EE4-4908-A759-5EF6DAC14AB6}.Setup|x64.ActiveCfg = Resource|Win32
		{9EC23CA9-384A-4EEB-979E-69879DC1A78C}.Debug|Win32.ActiveCfg = Resource|Win32
		{9EC23CA9-384A-4EEB-979E-69879DC1A78C}.Debug|Win32.Build.0 = Resource|Win32
		{9EC23CA9-384A-4EEB-979E-69879DC1A78C}.Debug|x64.ActiveCfg = Resource|Win32
		{9EC23CA9-384A-4EEB-979E-69879DC1A78C}.Debug|x64.Build.0 = Resource|Win32
		{9EC23CA9-384A-4EEB-979E-69879DC1A78C}.Release|Win32.ActiveCfg = Resource|Win32
		{9EC23CA9-384A-4EEB-979E-69879DC1A78C}.Release|Win32.Build.0 = Resource|Win32
		{9EC23CA9-384A-4EEB-979E-69879DC1A78C}.Release|x64.ActiveCfg = Resource|Win32
		{9EC23CA9-384A-4EEB-979E-69879DC1A78C}.Release|x64.Build.0 = Resource|Win32
		{9EC23CA9-384A-4EEB-979E-69879DC1A78C}.Setup|Win32.ActiveCfg = Resource|Win32
		{9EC23CA9-384A-4EEB-979E-69879DC1A78C}.Setup|Win32.Build.0 = Resource|Win32
		{9EC23CA9-384A-4EEB-979E-69879DC1A78C}.Setup|x64.ActiveCfg = Resource|Win32
		{066C9721-26D5-4C4D-868E-50C2BA0A8196}.Debug|Win32.ActiveCfg = Resource|Win32
		{066C9721-26D5-4C4D-868E-50C2BA0A8196}.Debug|Win32.Build.0 = Resource|Win32
		{066C9721-26D5-4C4D-868E-50C2BA0A8196}.Debug|x64.ActiveCfg = Resource|Win32
		{066C9721-26D5-4C4D-868E-50C2BA0A8196}.Debug|x64.Build.0 = Resource|Win32
		{066C9721-26D5-4C4D-868E-50C2BA0A8196}.Release|Win32.ActiveCfg = Resource|Win32
		{066C9721-26D5-4C4D-868E-50C2BA0A8196}.Release|Win32.Build.0 = Resource|Win32
		{066C9721-26D5-4C4D-868E-50C2BA0A8196}.Release|x64.ActiveCfg = Resource|Win32
		{066C9721-26D5-4C4D-868E-50C2BA0A8196}.Release|x64.Build.0 = Resource|Win32
		{066C9721-26D5-4C4D-868E-50C2BA0A8196}.Setup|Win32.ActiveCfg = Resource|Win32
		{066C9721-26D5-4C4D-868E-50C2BA0A8196}.Setup|Win32.Build.0 = Resource|Win32
		{066C9721-26D5-4C4D-868E-50C2BA0A8196}.Setup|x64.ActiveCfg = Resource|Win32
		{66D1EAA4-65D1-45CC-9989-E616FC0575EB}.Debug|Win32.ActiveCfg = Resource|Win32
		{66D1EAA4-65D1-45CC-9989-E616FC0575EB}.Debug|Win32.Build.0 = Resource|Win32
		{66D1EAA4-65D1-45CC-9989-E616FC0575EB}.Debug|x64.ActiveCfg = Resource|Win32
		{66D1EAA4-65D1-45CC-9989-E616FC0575EB}.Debug|x64.Build.0 = Resource|Win32
		{66D1EAA4-65D1-45CC-9989-E616FC0575EB}.Release|Win32.ActiveCfg = Resource|Win32
		{66D1EAA4-65D1-45CC-9989-E616FC0575EB}.Release|Win32.Build.0 = Resource|Win32
		{66D1EAA4-65D1-45CC-9989-E616FC0575EB}.Release|x64.ActiveCfg = Resource|Win32
		{66D1EAA4-65D1-45CC-9989-E616FC0575EB}.Release|x64.Build.0 = Resource|Win32
		{66D1EAA4-65D1-45CC-9989-E616FC0575EB}.Setup|Win32.ActiveCfg = Resource|Win32
		{66D1EAA4-65D1-45CC-9989-E616FC0575EB}.Setup|Win32.Build.0 = Resource|Win32
		{66D1EAA4-65D1-45CC-9989-E616FC0575EB}.Setup|x64.ActiveCfg = Resource|Win32
		{81EB6336-366C-47DD-82CF-FF6C36CCD2B5}.Debug|Win32.ActiveCfg = Resource|Win32
		{81EB6336-366C-47DD-82CF-FF6C36CCD2B5}.Debug|Win32.Build.0 = Resource|Win32
		{81EB6336-366C-47DD-82CF-FF6C36CCD2B5}.Debug|x64.ActiveCfg = Resource|Win32
		{81EB6336-366C-47DD-82CF-FF6C36CCD2B5}.Debug|x64.Build.0 = Resource|Win32
		{81EB6336-366C-47DD-82CF-FF6C36CCD2B5}.Release|Win32.ActiveCfg = Resource|Win32
		{81EB6336-366C-47DD-82CF-FF6C36CCD2B5}.Release|Win32.Build.0 = Resource|Win32
		{81EB6336-366C-47DD-82CF-FF6C36CCD2B5}.Release|x64.ActiveCfg = Resource|Win32
		{81EB6336-366C-47DD-82CF-FF6C36CCD2B5}.Release|x64.Build.0 = Resource|Win32
		{81EB6336-366C-47DD-82CF-FF6C36CCD2B5}.Setup|Win32.ActiveCfg = Resource|Win32
		{81EB6336-366C-47DD-82CF-FF6C36CCD2B5}.Setup|Win32.Build.0 = Resource|Win32
		{81EB6336-366C-47DD-82CF-FF6C36CCD2B5}.Setup|x64.ActiveCfg = Resource|Win32
		{E1017135-9916-4B11-9AC5-1EC0BD8F8CD6}.Debug|Win32.ActiveCfg = Debug|Win32
		{E1017135-9916-4B11-9AC5-1EC0BD8F8CD6}.Debug|Win32.Build.0 = Debug|Win32
		{E1017135-9916-4B11-9AC5-1EC0BD8F8CD6}.Debug|x64.ActiveCfg = Debug|Win32
		{E1017135-9916-4B11-9AC5-1EC0BD8F8CD6}.Release|Win32.ActiveCfg = Release|Win32
		{E1017135-9916-4B11-9AC5-1EC0BD8F8CD6}.Release|Win32.Build.0 = Release|Win32
		{E1017135-9916-4B11-9AC5-1EC0BD8F8CD6}.Release|x64.ActiveCfg = Release|Win32
		{E1017135-9916-4B11-9AC5-1EC0BD8F8CD6}.Setup|Win32.ActiveCfg = Release|Win32
		{E1017135-9916-4B11-9AC5-1EC0BD8F8CD6}.Setup|Win32.Build.0 = Release|Win32
		{E1017135-9916-4B11-9AC5-1EC0BD8F8CD6}.Setup|x64.ActiveCfg = Release|Win32
		{E93271C8-0252-4A08-8227-1978C64C2D34}.Debug|Win32.ActiveCfg = Debug|Win32
		{E93271C8-0252-4A08-8227-1978C64C2D34}.Debug|Win32.Build.0 = Debug|Win32
		{E93271C8-0252-4A08-8227-1978C64C2D34}.Debug|x64.ActiveCfg = Debug|Win32
		{E93271C8-0252-4A08-8227-1978C64C2D34}.Release|Win32.ActiveCfg = Release|Win32
		{E93271C8-0252-4A08-8227-1978C64C2D34}.Release|Win32.Build.0 = Release|Win32
		{E93271C8-0252-4A08-8227-1978C64C2D34}.Release|x64.ActiveCfg = Release|Win32
		{E93271C8-0252-4A08-8227-1978C64C2D34}.Setup|Win32.ActiveCfg = Setup|Win32
		{E93271C8-0252-4A08-8227-1978C64C2D34}.Setup|Win32.Build.0 = Setup|Win32
		{E93271C8-0252-4A08-8227-1978C64C2D34}.Setup|x64.ActiveCfg = Setup|Win32
		{0A60FD06-3A81-4651-A869-9850DBC115EA}.Debug|Win32.ActiveCfg = Resource|Win32
		{0A60FD06-3A81-4651-A869-9850DBC115EA}.Debug|Win32.Build.0 = Resource|Win32
		{0A60FD06-3A81-4651-A869-9850DBC115EA}.Debug|x64.ActiveCfg = Resource|Win32
		{0A60FD06-3A81-4651-A869-9850DBC115EA}.Release|Win32.ActiveCfg = Resource|Win32
		{0A60FD06-3A81-4651-A869-9850DBC115EA}.Release|Win32.Build.0 = Resource|Win32
		{0A60FD06-3A81-4651-A869-9850DBC115EA}.Release|x64.ActiveCfg = Resource|Win32
		{0A60FD06-3A81-4651-A869-9850DBC115EA}.Setup|Win32.ActiveCfg = Resource|Win32
		{0A60FD06-3A81-4651-A869-9850DBC115EA}.Setup|Win32.Build.0 = Resource|Win32
		{0A60FD06-3A81-4651-A869-9850DBC115EA}.Setup|x64.ActiveCfg = Resource|Win32
		{D42FE717-485B-492D-884A-1999F6D51154}.Debug|Win32.ActiveCfg = Debug|Win32
		{D42FE717-485B-492D-884A-1999F6D51154}.Debug|Win32.Build.0 = Debug|Win32
		{D42FE717-485B-492D-884A-1999F6D51154}.Debug|x64.ActiveCfg = Debug|x64
		{D42FE717-485B-492D-884A-1999F6D51154}.Debug|x64.Build.0 = Debug|x64
		{D42FE717-485B-492D-884A-1999F6D51154}.Release|Win32.ActiveCfg = Release|Win32
		{D42FE717-485B-492D-884A-1999F6D51154}.Release|Win32.Build.0 = Release|Win32
		{D42FE717-485B-492D-884A-1999F6D51154}.Release|x64.ActiveCfg = Release|x64
		{D42FE717-485B-492D-884A-1999F6D51154}.Release|x64.Build.0 = Release|x64
		{D42FE717-485B-492D-884A-1999F6D51154}.Setup|Win32.ActiveCfg = Release|Win32
		{D42FE717-485B-492D-884A-1999F6D51154}.Setup|Win32.Build.0 = Release|Win32
		{D42FE717-485B-492D-884A-1999F6D51154}.Setup|x64.ActiveCfg = Release|x64
		{D42FE717-485B-492D-884A-1999F6D51154}.Setup|x64.Build.0 = Release|x64
		{65D5C193-E807-4094-AE19-19E6A310A312}.Debug|Win32.ActiveCfg = Debug|Win32
		{65D5C193-E807-4094-AE19-19E6A310A312}.Debug|Win32.Build.0 = Debug|Win32
		{65D5C193-E807-4094-AE19-19E6A310A312}.Debug|x64.ActiveCfg = Debug|x64
		{65D5C193-E807-4094-AE19-19E6A310A312}.Debug|x64.Build.0 = Debug|x64
		{65D5C193-E807-4094-AE19-19E6A310A312}.Release|Win32.ActiveCfg = Release|Win32
		{65D5C193-E807-4094-AE19-19E6A310A312}.Release|Win32.Build.0 = Release|Win32
		{65D5C193-E807-4094-AE19-19E6A310A312}.Release|x64.ActiveCfg = Release|x64
		{65D5C193-E807-4094-AE19-19E6A310A312}.Release|x64.Build.0 = Release|x64
		{65D5C193-E807-4094-AE19-19E6A310A312}.Setup|Win32.ActiveCfg = Setup|Win32
		{65D5C193-E807-4094-AE19-19E6A310A312}.Setup|Win32.Build.0 = Setup|Win32
		{65D5C193-E807-4094-AE19-19E6A310A312}.Setup|x64.ActiveCfg = Setup|x64
		{65D5C193-E807-4094-AE19-19E6A310A312}.Setup|x64.Build.0 = Setup|x64
		{BC0E6E7C-08C1-4F12-A754-4608E5A22FA8}.Debug|Win32.ActiveCfg = Debug|Win32
		{BC0E6E7C-08C1-4F12-A754-4608E5A22FA8}.Debug|Win32.Build.0 = Debug|Win32
		{BC0E6E7C-08C1-4F12-A754-4608E5A22FA8}.Debug|x64.ActiveCfg = Debug|x64
		{BC0E6E7C-08C1-4F12-A754-4608E5A22FA8}.Debug|x64.Build.0 = Debug|x64
		{BC0E6E7C-08C1-4F12-A754-4608E5A22FA8}.Release|Win32.ActiveCfg = Release|Win32
		{BC0E6E7C-08C1-4F12-A754-4608E5A22FA8}.Release|Win32.Build.0 = Release|Win32
		{BC0E6E7C-08C1-4F12-A754-4608E5A22FA8}.Release|x64.ActiveCfg = Release|x64
		{BC0E6E7C-08C1-4F12-A754-4608E5A22FA8}.Release|x64.Build.0 = Release|x64
		{BC0E6E7C-08C1-4F12-A754-4608E5A22FA8}.Setup|Win32.ActiveCfg = Setup|Win32
		{BC0E6E7C-08C1-4F12-A754-4608E5A22FA8}.Setup|Win32.Build.0 = Setup|Win32
		{BC0E6E7C-08C1-4F12-A754-4608E5A22FA8}.Setup|x64.ActiveCfg = Setup|x64
		{BC0E6E7C-08C1-4F12-A754-4608E5A22FA8}.Setup|x64.Build.0 = Setup|x64
		{171B46B0-6083-4D9E-BD33-946EA3BD76FA}.Debug|Win32.ActiveCfg = Debug|Win32
		{171B46B0-6083-4D9E-BD33-946EA3BD76FA}.Debug|Win32.Build.0 = Debug|Win32
		{171B46B0-6083-4D9E-BD33-946EA3BD76FA}.Debug|x64.ActiveCfg = Debug|Win32
		{171B46B0-6083-4D9E-BD33-946EA3BD76FA}.Release|Win32.ActiveCfg = Release|Win32
		{171B46B0-6083-4D9E-BD33-946EA3BD76FA}.Release|Win32.Build.0 = Release|Win32
		{171B46B0-6083-4D9E-BD33-946EA3BD76FA}.Release|x64.ActiveCfg = Release|Win32
		{171B46B0-6083-4D9E-BD33-946EA3BD76FA}.Setup|Win32.ActiveCfg = Release|Win32
		{171B46B0-6083-4D9E-BD33-946EA3BD76FA}.Setup|Win32.Build.0 = Release|Win32
		{171B46B0-6083-4D9E-BD33-946EA3BD76FA}.Setup|x64.ActiveCfg = Release|Win32
		{A2CCDE9F-17CE-461E-8BD9-00261B8855A6}.Debug|Win32.ActiveCfg = Resource|Win32
		{A2CCDE9F-17CE-461E-8BD9-00261B8855A6}.Debug|Win32.Build.0 = Resource|Win32
		{A2CCDE9F-17CE-461E-8BD9-00261B8855A6}.Debug|x64.ActiveCfg = Resource|Win32
		{A2CCDE9F-17CE-461E-8BD9-00261B8855A6}.Debug|x64.Build.0 = Resource|Win32
		{A2CCDE9F-17CE-461E-8BD9-00261B8855A6}.Release|Win32.ActiveCfg = Resource|Win32
		{A2CCDE9F-17CE-461E-8BD9-00261B8855A6}.Release|Win32.Build.0 = Resource|Win32
		{A2CCDE9F-17CE-461E-8BD9-00261B8855A6}.Release|x64.ActiveCfg = Resource|Win32
		{A2CCDE9F-17CE-461E-8BD9-00261B8855A6}.Release|x64.Build.0 = Resource|Win32
		{A2CCDE9F-17CE-461E-8BD9-00261B8855A6}.Setup|Win32.ActiveCfg = Resource|Win32
		{A2CCDE9F-17CE-461E-8BD9-00261B8855A6}.Setup|Win32.Build.0 = Resource|Win32
		{A2CCDE9F-17CE-461E-8BD9-00261B8855A6}.Setup|x64.ActiveCfg = Resource|Win32
		{31C016FB-9EA1-4AF5-987A-37210C04DA06}.Debug|Win32.ActiveCfg = Resource|Win32
		{31C016FB-9EA1-4AF5-987A-37210C04DA06}.Debug|Win32.Build.0 = Resource|Win32
		{31C016FB-9EA1-4AF5-987A-37210C04DA06}.Debug|x64.ActiveCfg = Resource|Win32
		{31C016FB-9EA1-4AF5-987A-37210C04DA06}.Debug|x64.Build.0 = Resource|Win32
		{31C016FB-9EA1-4AF5-987A-37210C04DA06}.Release|Win32.ActiveCfg = Resource|Win32
		{31C016FB-9EA1-4AF5-987A-37210C04DA06}.Release|Win32.Build.0 = Resource|Win32
		{31C016FB-9EA1-4AF5-987A-37210C04DA06}.Release|x64.ActiveCfg = Resource|Win32
		{31C016FB-9EA1-4AF5-987A-37210C04DA06}.Release|x64.Build.0 = Resource|Win32
		{31C016FB-9EA1-4AF5-987A-37210C04DA06}.Setup|Win32.ActiveCfg = Resource|Win32
		{31C016FB-9EA1-4AF5-987A-37210C04DA06}.Setup|Win32.Build.0 = Resource|Win32
		{31C016FB-9EA1-4AF5-987A-37210C04DA06}.Setup|x64.ActiveCfg = Resource|Win32
		{5C875214-0E3A-4CF0-BC0C-BFF6FAA4C089}.Debug|Win32.ActiveCfg = Resource|Win32
		{5C875214-0E3A-4CF0-BC0C-BFF6FAA4C089}.Debug|Win32.Build.0 = Resource|Win32
		{5C875214-0E3A-4CF0-BC0C-BFF6FAA4C089}.Debug|x64.ActiveCfg = Resource|Win32
		{5C875214-0E3A-4CF0-BC0C-BFF6FAA4C089}.Debug|x64.Build.0 = Resource|Win32
		{5C875214-0E3A-4CF0-BC0C-BFF6FAA4C089}.Release|Win32.ActiveCfg = Resource|Win32
		{5C875214-0E3A-4CF0-BC0C-BFF6FAA4C089}.Release|Win32.Build.0 = Resource|Win32
		{5C875214-0E3A-4CF0-BC0C-BFF6FAA4C089}.Release|x64.ActiveCfg = Resource|Win32
		{5C875214-0E3A-4CF0-BC0C-BFF6FAA4C089}.Release|x64.Build.0 = Resource|Win32
		{5C875214-0E3A-4CF0-BC0C-BFF6FAA4C089}.Setup|Win32.ActiveCfg = Resource|Win32
		{5C875214-0E3A-4CF0-BC0C-BFF6FAA4C089}.Setup|Win32.Build.0 = Resource|Win32
		{5C875214-0E3A-4CF0-BC0C-BFF6FAA4C089}.Setup|x64.ActiveCfg = Resource|Win32
		{ED74EBA9-1BCB-4B8F-9AE1-DC63B3C24A94}.Debug|Win32.ActiveCfg = Resource|Win32
		{ED74EBA9-1BCB-4B8F-9AE1-DC63B3C24A94}.Debug|Win32.Build.0 = Resource|Win32
		{ED74EBA9-1BCB-4B8F-9AE1-DC63B3C24A94}.Debug|x64.ActiveCfg = Resource|Win32
		{ED74EBA9-1BCB-4B8F-9AE1-DC63B3C24A94}.Debug|x64.Build.0 = Resource|Win32
		{ED74EBA9-1BCB-4B8F-9AE1-DC63B3C24A94}.Release|Win32.ActiveCfg = Resource|Win32
		{ED74EBA9-1BCB-4B8F-9AE1-DC63B3C24A94}.Release|Win32.Build.0 = Resource|Win32
		{ED74EBA9-1BCB-4B8F-9AE1-DC63B3C24A94}.Release|x64.ActiveCfg = Resource|Win32
		{ED74EBA9-1BCB-4B8F-9AE1-DC63B3C24A94}.Release|x64.Build.0 = Resource|Win32
		{ED74EBA9-1BCB-4B8F-9AE1-DC63B3C24A94}.Setup|Win32.ActiveCfg = Resource|Win32
		{ED74EBA9-1BCB-4B8F-9AE1-DC63B3C24A94}.Setup|Win32.Build.0 = Resource|Win32
		{ED74EBA9-1BCB-4B8F-9AE1-DC63B3C24A94}.Setup|x64.ActiveCfg = Resource|Win32
		{A42C6159-ACA8-46D1-A0FB-19C398B137D5}.Debug|Win32.ActiveCfg = Debug|Win32
		{A42C6159-ACA8-46D1-A0FB-19C398B137D5}.Debug|Win32.Build.0 = Debug|Win32
		{A42C6159-ACA8-46D1-A0FB-19C398B137D5}.Debug|x64.ActiveCfg = Debug|x64
		{A42C6159-ACA8-46D1-A0FB-19C398B137D5}.Debug|x64.Build.0 = Debug|x64
		{A42C6159-ACA8-46D1-A0FB-19C398B137D5}.Release|Win32.ActiveCfg = Release|Win32
		{A42C6159-ACA8-46D1-A0FB-19C398B137D5}.Release|Win32.Build.0 = Release|Win32
		{A42C6159-ACA8-46D1-A0FB-19C398B137D5}.Release|x64.ActiveCfg = Release|x64
		{A42C6159-ACA8-46D1-A0FB-19C398B137D5}.Release|x64.Build.0 = Release|x64
		{A42C6159-ACA8-46D1-A0FB-19C398B137D5}.Setup|Win32.ActiveCfg = Setup|Win32
		{A42C6159-ACA8-46D1-A0FB-19C398B137D5}.Setup|Win32.Build.0 = Setup|Win32
		{A42C6159-ACA8-46D1-A0FB-19C398B137D5}.Setup|x64.ActiveCfg = Setup|x64
		{A42C6159-ACA8-46D1-A0FB-19C398B137D5}.Setup|x64.Build.0 = Setup|x64
		{DAE66C9B-05DC-4ACE-97DA-2547B490BBFF}.Debug|Win32.ActiveCfg = Debug|Win32
		{DAE66C9B-05DC-4ACE-97DA-2547B490BBFF}.Debug|Win32.Build.0 = Debug|Win32
		{DAE66C9B-05DC-4ACE-97DA-2547B490BBFF}.Debug|x64.ActiveCfg = Debug|x64
		{DAE66C9B-05DC-4ACE-97DA-2547B490BBFF}.Debug|x64.Build.0 = Debug|x64
		{DAE66C9B-05DC-4ACE-97DA-2547B490BBFF}.Release|Win32.ActiveCfg = Release|Win32
		{DAE66C9B-05DC-4ACE-97DA-2547B490BBFF}.Release|Win32.Build.0 = Release|Win32
		{DAE66C9B-05DC-4ACE-97DA-2547B490BBFF}.Release|x64.ActiveCfg = Release|x64
		{DAE66C9B-05DC-4ACE-97DA-2547B490BBFF}.Release|x64.Build.0 = Release|x64
		{DAE66C9B-05DC-4ACE-97DA-2547B490BBFF}.Setup|Win32.ActiveCfg = Release|Win32
		{DAE66C9B-05DC-4ACE-97DA-2547B490BBFF}.Setup|Win32.Build.0 = Release|Win32
		{DAE66C9B-05DC-4ACE-97DA-2547B490BBFF}.Setup|x64.ActiveCfg = Release|x64
		{DAE66C9B-05DC-4ACE-97DA-2547B490BBFF}.Setup|x64.Build.0 = Release|x64
		{7BD26CB3-5280-48FD-9A86-C13E321018D5}.Debug|Win32.ActiveCfg = Resource|Win32
		{7BD26CB3-5280-48FD-9A86-C13E321018D5}.Debug|Win32.Build.0 = Resource|Win32
		{7BD26CB3-5280-48FD-9A86-C13E321018D5}.Debug|x64.ActiveCfg = Resource|Win32
		{7BD26CB3-5280-48FD-9A86-C13E321018D5}.Debug|x64.Build.0 = Resource|Win32
		{7BD26CB3-5280-48FD-9A86-C13E321018D5}.Release|Win32.ActiveCfg = Resource|Win32
		{7BD26CB3-5280-48FD-9A86-C13E321018D5}.Release|Win32.Build.0 = Resource|Win32
		{7BD26CB3-5280-48FD-9A86-C13E321018D5}.Release|x64.ActiveCfg = Resource|Win32
		{7BD26CB3-5280-48FD-9A86-C13E321018D5}.Release|x64.Build.0 = Resource|Win32
		{7BD26CB3-5280-48FD-9A86-C13E321018D5}.Setup|Win32.ActiveCfg = Resource|Win32
		{7BD26CB3-5280-48FD-9A86-C13E321018D5}.Setup|Win32.Build.0 = Resource|Win32
		{7BD26CB3-5280-48FD-9A86-C13E321018D5}.Setup|x64.ActiveCfg = Resource|Win32
		{598AB4AC-008E-4501-90B3-C5213834C1DA}.Debug|Win32.ActiveCfg = Resource|Win32
		{598AB4AC-008E-4501-90B3-C5213834C1DA}.Debug|Win32.Build.0 = Resource|Win32
		{598AB4AC-008E-4501-90B3-C5213834C1DA}.Debug|x64.ActiveCfg = Resource|Win32
		{598AB4AC-008E-4501-90B3-C5213834C1DA}.Debug|x64.Build.0 = Resource|Win32
		{598AB4AC-008E-4501-90B3-C5213834C1DA}.Release|Win32.ActiveCfg = Resource|Win32
		{598AB4AC-008E-4501-90B3-C5213834C1DA}.Release|Win32.Build.0 = Resource|Win32
		{598AB4AC-008E-4501-90B3-C5213834C1DA}.Release|x64.ActiveCfg = Resource|Win32
		{598AB4AC-008E-4501-90B3-C5213834C1DA}.Release|x64.Build.0 = Resource|Win32
		{598AB4AC-008E-4501-90B3-C5213834C1DA}.Setup|Win32.ActiveCfg = Resource|Win32
		{598AB4AC-008E-4501-90B3-C5213834C1DA}.Setup|Win32.Build.0 = Resource|Win32
		{598AB4AC-008E-4501-90B3-C5213834C1DA}.Setup|x64.ActiveCfg = Resource|Win32
		{63BAF573-170B-4FA0-AEE3-16E04F3E9DF5}.Debug|Win32.ActiveCfg = Resource|Win32
		{63BAF573-170B-4FA0-AEE3-16E04F3E9DF5}.Debug|Win32.Build.0 = Resource|Win32
		{63BAF573-170B-4FA0-AEE3-16E04F3E9DF5}.Debug|x64.ActiveCfg = Resource|Win32
		{63BAF573-170B-4FA0-AEE3-16E04F3E9DF5}.Debug|x64.Build.0 = Resource|Win32
		{63BAF573-170B-4FA0-AEE3-16E04F3E9DF5}.Release|Win32.ActiveCfg = Resource|Win32
		{63BAF573-170B-4FA0-AEE3-16E04F3E9DF5}.Release|Win32.Build.0 = Resource|Win32
		{63BAF573-170B-4FA0-AEE3-16E04F3E9DF5}.Release|x64.ActiveCfg = Resource|Win32
		{63BAF573-170B-4FA0-AEE3-16E04F3E9DF5}.Release|x64.Build.0 = Resource|Win32
		{63BAF573-170B-4FA0-AEE3-16E04F3E9DF5}.Setup|Win32.ActiveCfg = Resource|Win32
		{63BAF573-170B-4FA0-AEE3-16E04F3E9DF5}.Setup|Win32.Build.0 = Resource|Win32
		{63BAF573-170B-4FA0-AEE3-16E04F3E9DF5}.Setup|x64.ActiveCfg = Resource|Win32
		{CA5BFC96-428D-42F5-9F7D-CDDE048A357C}.Debug|Win32.ActiveCfg = Resource|Win32
		{CA5BFC96-428D-42F5-9F7D-CDDE048A357C}.Debug|Win32.Build.0 = Resource|Win32
		{CA5BFC96-428D-42F5-9F7D-CDDE048A357C}.Debug|x64.ActiveCfg = Resource|Win32
		{CA5BFC96-428D-42F5-9F7D-CDDE048A357C}.Debug|x64.Build.0 = Resource|Win32
		{CA5BFC96-428D-42F5-9F7D-CDDE048A357C}.Release|Win32.ActiveCfg = Resource|Win32
		{CA5BFC96-428D-42F5-9F7D-CDDE048A357C}.Release|Win32.Build.0 = Resource|Win32
		{CA5BFC96-428D-42F5-9F7D-CDDE048A357C}.Release|x64.ActiveCfg = Resource|Win32
		{CA5BFC96-428D-42F5-9F7D-CDDE048A357C}.Release|x64.Build.0 = Resource|Win32
		{CA5BFC96-428D-42F5-9F7D-CDDE048A357C}.Setup|Win32.ActiveCfg = Resource|Win32
		{CA5BFC96-428D-42F5-9F7D-CDDE048A357C}.Setup|Win32.Build.0 = Resource|Win32
		{CA5BFC96-428D-42F5-9F7D-CDDE048A357C}.Setup|x64.ActiveCfg = Resource|Win32
		{D94BD2A6-1872-4F01-B911-F406603AA2E1}.Debug|Win32.ActiveCfg = Debug|Win32
		{D94BD2A6-1872-4F01-B911-F406603AA2E1}.Debug|Win32.Build.0 = Debug|Win32
		{D94BD2A6-1872-4F01-B911-F406603AA2E1}.Debug|x64.ActiveCfg = Debug|Win32
		{D94BD2A6-1872-4F01-B911-F406603AA2E1}.Release|Win32.ActiveCfg = Release|Win32
		{D94BD2A6-1872-4F01-B911-F406603AA2E1}.Release|Win32.Build.0 = Release|Win32
		{D94BD2A6-1872-4F01-B911-F406603AA2E1}.Release|x64.ActiveCfg = Release|Win32
		{D94BD2A6-1872-4F01-B911-F406603AA2E1}.Setup|Win32.ActiveCfg = Release|Win32
		{D94BD2A6-1872-4F01-B911-F406603AA2E1}.Setup|Win32.Build.0 = Release|Win32
		{D94BD2A6-1872-4F01-B911-F406603AA2E1}.Setup|x64.ActiveCfg = Release|Win32
		{BD28B058-230E-42DF-9FB1-FFBB0153F498}.Debug|Win32.ActiveCfg = Resource|Win32
		{BD28B058-230E-42DF-9FB1-FFBB0153F498}.Debug|Win32.Build.0 = Resource|Win32
		{BD28B058-230E-42DF-9FB1-FFBB0153F498}.Debug|x64.ActiveCfg = Resource|Win32
		{BD28B058-230E-42DF-9FB1-FFBB0153F498}.Debug|x64.Build.0 = Resource|Win32
		{BD28B058-230E-42DF-9FB1-FFBB0153F498}.Release|Win32.ActiveCfg = Resource|Win32
		{BD28B058-230E-42DF-9FB1-FFBB0153F498}.Release|Win32.Build.0 = Resource|Win32
		{BD28B058-230E-42DF-9FB1-FFBB0153F498}.Release|x64.ActiveCfg = Resource|Win32
		{BD28B058-230E-42DF-9FB1-FFBB0153F498}.Release|x64.Build.0 = Resource|Win32
		{BD28B058-230E-42DF-9FB1-FFBB0153F498}.Setup|Win32.ActiveCfg = Resource|Win32
		{BD28B058-230E-42DF-9FB1-FFBB0153F498}.Setup|Win32.Build.0 = Resource|Win32
		{BD28B058-230E-42DF-9FB1-FFBB0153F498}.Setup|x64.ActiveCfg = Resource|Win32
		{BD28B058-230E-42DF-9FB1-FFBB0153F498}.Setup|x64.Build.0 = Resource|Win32
		{75809D15-8403-420A-BBE6-05F478D88D8E}.Debug|Win32.ActiveCfg = Resource|Win32
		{75809D15-8403-420A-BBE6-05F478D88D8E}.Debug|Win32.Build.0 = Resource|Win32
		{75809D15-8403-420A-BBE6-05F478D88D8E}.Debug|x64.ActiveCfg = Resource|Win32
		{75809D15-8403-420A-BBE6-05F478D88D8E}.Debug|x64.Build.0 = Resource|Win32
		{75809D15-8403-420A-BBE6-05F478D88D8E}.Release|Win32.ActiveCfg = Resource|Win32
		{75809D15-8403-420A-BBE6-05F478D88D8E}.Release|Win32.Build.0 = Resource|Win32
		{75809D15-8403-420A-BBE6-05F478D88D8E}.Release|x64.ActiveCfg = Resource|Win32
		{75809D15-8403-420A-BBE6-05F478D88D8E}.Release|x64.Build.0 = Resource|Win32
		{75809D15-8403-420A-BBE6-05F478D88D8E}.Setup|Win32.ActiveCfg = Resource|Win32
		{75809D15-8403-420A-BBE6-05F478D88D8E}.Setup|Win32.Build.0 = Resource|Win32
		{75809D15-8403-420A-BBE6-05F478D88D8E}.Setup|x64.ActiveCfg = Resource|Win32
		{75809D15-8403-420A-BBE6-05F478D88D8E}.Setup|x64.Build.0 = Resource|Win32
	EndGlobalSection
	GlobalSection(SolutionProperties) = preSolution
		HideSolutionNode = FALSE
	EndGlobalSection
	GlobalSection(NestedProjects) = preSolution
		{A4A4D3B1-24E7-401E-A37C-72141D7603DC} = {B695E1F6-785D-45CB-BCE0-0E9635DFC1DE}
		{EA65FDDD-CB77-417F-8BB4-2F3ECB5B3E75} = {409484D8-C0DB-4991-AF03-124128EDEF98}
		{404821C5-4EE4-4908-A759-5EF6DAC14AB6} = {409484D8-C0DB-4991-AF03-124128EDEF98}
		{9EC23CA9-384A-4EEB-979E-69879DC1A78C} = {409484D8-C0DB-4991-AF03-124128EDEF98}
		{066C9721-26D5-4C4D-868E-50C2BA0A8196} = {409484D8-C0DB-4991-AF03-124128EDEF98}
		{66D1EAA4-65D1-45CC-9989-E616FC0575EB} = {409484D8-C0DB-4991-AF03-124128EDEF98}
		{81EB6336-366C-47DD-82CF-FF6C36CCD2B5} = {409484D8-C0DB-4991-AF03-124128EDEF98}
		{E1017135-9916-4B11-9AC5-1EC0BD8F8CD6} = {B695E1F6-785D-45CB-BCE0-0E9635DFC1DE}
		{0A60FD06-3A81-4651-A869-9850DBC115EA} = {B695E1F6-785D-45CB-BCE0-0E9635DFC1DE}
		{A2CCDE9F-17CE-461E-8BD9-00261B8855A6} = {409484D8-C0DB-4991-AF03-124128EDEF98}
		{31C016FB-9EA1-4AF5-987A-37210C04DA06} = {409484D8-C0DB-4991-AF03-124128EDEF98}
		{5C875214-0E3A-4CF0-BC0C-BFF6FAA4C089} = {409484D8-C0DB-4991-AF03-124128EDEF98}
		{ED74EBA9-1BCB-4B8F-9AE1-DC63B3C24A94} = {409484D8-C0DB-4991-AF03-124128EDEF98}
		{DAE66C9B-05DC-4ACE-97DA-2547B490BBFF} = {B695E1F6-785D-45CB-BCE0-0E9635DFC1DE}
		{7BD26CB3-5280-48FD-9A86-C13E321018D5} = {409484D8-C0DB-4991-AF03-124128EDEF98}
		{598AB4AC-008E-4501-90B3-C5213834C1DA} = {409484D8-C0DB-4991-AF03-124128EDEF98}
		{63BAF573-170B-4FA0-AEE3-16E04F3E9DF5} = {409484D8-C0DB-4991-AF03-124128EDEF98}
		{CA5BFC96-428D-42F5-9F7D-CDDE048A357C} = {409484D8-C0DB-4991-AF03-124128EDEF98}
		{BD28B058-230E-42DF-9FB1-FFBB0153F498} = {409484D8-C0DB-4991-AF03-124128EDEF98}
		{75809D15-8403-420A-BBE6-05F478D88D8E} = {409484D8-C0DB-4991-AF03-124128EDEF98}
	EndGlobalSection
	GlobalSection(ExtensibilityGlobals) = postSolution
		SolutionGuid = {AF7D0AE8-B556-4840-92EF-CEADC95A5CD1}
	EndGlobalSection
EndGlobal
