<?xml version="1.0" encoding="utf-8"?>
<Project ToolsVersion="4.0" xmlns="http://schemas.microsoft.com/developer/msbuild/2003">
  <ItemGroup>
    <Filter Include="Source Files">
      <UniqueIdentifier>{4FC737F1-C7A5-4376-A066-2A32D752A2FF}</UniqueIdentifier>
      <Extensions>cpp;c;cc;cxx;def;odl;idl;hpj;bat;asm;asmx</Extensions>
    </Filter>
    <Filter Include="Header Files">
      <UniqueIdentifier>{93995380-89BD-4b04-88EB-625FBE52EBFB}</UniqueIdentifier>
      <Extensions>h;hpp;hxx;hm;inl;inc;xsd</Extensions>
    </Filter>
    <Filter Include="Resource Files">
      <UniqueIdentifier>{67DA6AB6-F800-4c08-8B7A-83BB121AAD01}</UniqueIdentifier>
      <Extensions>rc;ico;cur;bmp;dlg;rc2;rct;bin;rgs;gif;jpg;jpeg;jpe;resx;tiff;tif;png;wav</Extensions>
    </Filter>
  </ItemGroup>
  <ItemGroup>
    <ClCompile Include="Accessibility.cpp">
      <Filter>Source Files</Filter>
    </ClCompile>
    <ClCompile Include="StartButton.cpp">
      <Filter>Source Files</Filter>
    </ClCompile>
    <ClCompile Include="StartMenuDLL.cpp">
      <Filter>Source Files</Filter>
    </ClCompile>
    <ClCompile Include="CustomMenu.cpp">
      <Filter>Source Files</Filter>
    </ClCompile>
    <ClCompile Include="dllmain.cpp">
      <Filter>Source Files</Filter>
    </ClCompile>
    <ClCompile Include="DragDrop.cpp">
      <Filter>Source Files</Filter>
    </ClCompile>
    <ClCompile Include="ItemManager.cpp">
      <Filter>Source Files</Filter>
    </ClCompile>
    <ClCompile Include="JumpLists.cpp">
      <Filter>Source Files</Filter>
    </ClCompile>
    <ClCompile Include="LogManager.cpp">
      <Filter>Source Files</Filter>
    </ClCompile>
    <ClCompile Include="MenuCommands.cpp">
      <Filter>Source Files</Filter>
    </ClCompile>
    <ClCompile Include="MenuContainer.cpp">
      <Filter>Source Files</Filter>
    </ClCompile>
    <ClCompile Include="MenuPaint.cpp">
      <Filter>Source Files</Filter>
    </ClCompile>
    <ClCompile Include="MetroLinkManager.cpp">
      <Filter>Source Files</Filter>
    </ClCompile>
    <ClCompile Include="ProgramsTree.cpp">
      <Filter>Source Files</Filter>
    </ClCompile>
    <ClCompile Include="SearchManager.cpp">
      <Filter>Source Files</Filter>
    </ClCompile>
    <ClCompile Include="SettingsUI.cpp">
      <Filter>Source Files</Filter>
    </ClCompile>
    <ClCompile Include="SkinManager.cpp">
      <Filter>Source Files</Filter>
    </ClCompile>
    <ClCompile Include="stdafx.cpp">
      <Filter>Source Files</Filter>
    </ClCompile>
    <ClCompile Include="TouchHelper.cpp">
      <Filter>Source Files</Filter>
    </ClCompile>
  </ItemGroup>
  <ItemGroup>
    <ClInclude Include="Accessibility.h">
      <Filter>Header Files</Filter>
    </ClInclude>
    <ClInclude Include="StartButton.h">
      <Filter>Header Files</Filter>
    </ClInclude>
    <ClInclude Include="StartMenuDLL.h">
      <Filter>Header Files</Filter>
    </ClInclude>
    <ClInclude Include="CustomMenu.h">
      <Filter>Header Files</Filter>
    </ClInclude>
    <ClInclude Include="dllmain.h">
      <Filter>Header Files</Filter>
    </ClInclude>
    <ClInclude Include="DragDrop.h">
      <Filter>Header Files</Filter>
    </ClInclude>
    <ClInclude Include="ItemManager.h">
      <Filter>Header Files</Filter>
    </ClInclude>
    <ClInclude Include="JumpLists.h">
      <Filter>Header Files</Filter>
    </ClInclude>
    <ClInclude Include="LogManager.h">
      <Filter>Header Files</Filter>
    </ClInclude>
    <ClInclude Include="MenuContainer.h">
      <Filter>Header Files</Filter>
    </ClInclude>
    <ClInclude Include="MetroLinkManager.h">
      <Filter>Header Files</Filter>
    </ClInclude>
    <ClInclude Include="ProgramsTree.h">
      <Filter>Header Files</Filter>
    </ClInclude>
    <ClInclude Include="SearchManager.h">
      <Filter>Header Files</Filter>
    </ClInclude>
    <ClInclude Include="SettingsUI.h">
      <Filter>Header Files</Filter>
    </ClInclude>
    <ClInclude Include="SkinManager.h">
      <Filter>Header Files</Filter>
    </ClInclude>
    <ClInclude Include="stdafx.h">
      <Filter>Header Files</Filter>
    </ClInclude>
    <ClInclude Include="targetver.h">
      <Filter>Header Files</Filter>
    </ClInclude>
    <ClInclude Include="TouchHelper.h">
      <Filter>Header Files</Filter>
    </ClInclude>
    <ClInclude Include="resource.h">
      <Filter>Resource Files</Filter>
    </ClInclude>
  </ItemGroup>
  <ItemGroup>
    <Image Include="apps.ico">
      <Filter>Resource Files</Filter>
    </Image>
    <Image Include="btn_aero.ico">
      <Filter>Resource Files</Filter>
    </Image>
    <Image Include="btn_classic.bmp">
      <Filter>Resource Files</Filter>
    </Image>
    <Image Include="button120.png">
      <Filter>Resource Files</Filter>
    </Image>
    <Image Include="button144.png">
      <Filter>Resource Files</Filter>
    </Image>
    <Image Include="button180.png">
      <Filter>Resource Files</Filter>
    </Image>
    <Image Include="button96.png">
      <Filter>Resource Files</Filter>
    </Image>
    <Image Include="..\..\Setup\OpenShell.ico">
      <Filter>Resource Files</Filter>
    </Image>
    <Image Include="menu_arrows.bmp">
      <Filter>Resource Files</Filter>
    </Image>
    <Image Include="menu_arrows150.bmp">
      <Filter>Resource Files</Filter>
    </Image>
    <Image Include="search_icons.bmp">
      <Filter>Resource Files</Filter>
    </Image>
    <Image Include="start.ico">
      <Filter>Resource Files</Filter>
    </Image>
    <Image Include="start10.ico">
      <Filter>Resource Files</Filter>
    </Image>
    <Image Include="style_7.bmp">
      <Filter>Resource Files</Filter>
    </Image>
    <Image Include="style_7150.bmp">
      <Filter>Resource Files</Filter>
    </Image>
    <Image Include="style_classic.bmp">
      <Filter>Resource Files</Filter>
    </Image>
    <Image Include="style_classic150.bmp">
      <Filter>Resource Files</Filter>
    </Image>
    <Image Include="style_vista.bmp">
      <Filter>Resource Files</Filter>
    </Image>
    <Image Include="style_vista150.bmp">
      <Filter>Resource Files</Filter>
    </Image>
  </ItemGroup>
  <ItemGroup>
    <ResourceCompile Include="StartMenuDLL.rc">
      <Filter>Resource Files</Filter>
    </ResourceCompile>
  </ItemGroup>
  <ItemGroup>
    <Text Include="SkinDescription.txt">
      <Filter>Resource Files</Filter>
    </Text>
    <Text Include="SkinDescription7.txt">
      <Filter>Resource Files</Filter>
    </Text>
  </ItemGroup>
</Project>
